
Microsoft Visual Studio Solution File, Format Version 12.00
# Visual Studio Version 16
VisualStudioVersion = 16.0.29519.87
MinimumVisualStudioVersion = 10.0.40219.1
Project("{FAE04EC0-301F-11D3-BF4B-00C04F79EFBC}") = "RecipeHelper", "RecipeHelper\RecipeHelper.csproj", "{800730FB-FC10-465A-9C9B-5BEBF3AA038B}"
EndProject
Global
	GlobalSection(SolutionConfigurationPlatforms) = preSolution
		Debug|Any CPU = Debug|Any CPU
		Release|Any CPU = Release|Any CPU
	EndGlobalSection
	GlobalSection(ProjectConfigurationPlatforms) = postSolution
		{800730FB-FC10-465A-9C9B-5BEBF3AA038B}.Debug|Any CPU.ActiveCfg = Debug|Any CPU
		{800730FB-FC10-465A-9C9B-5BEBF3AA038B}.Debug|Any CPU.Build.0 = Debug|Any CPU
		{800730FB-FC10-465A-9C9B-5BEBF3AA038B}.Release|Any CPU.ActiveCfg = Release|Any CPU
		{800730FB-FC10-465A-9C9B-5BEBF3AA038B}.Release|Any CPU.Build.0 = Release|Any CPU
	EndGlobalSection
	GlobalSection(SolutionProperties) = preSolution
		HideSolutionNode = FALSE
	EndGlobalSection
	GlobalSection(ExtensibilityGlobals) = postSolution
		SolutionGuid = {E2E3494D-E028-45C6-8181-595794549A80}
	EndGlobalSection
EndGlobal
